
Microsoft Visual Studio Solution File, Format Version 12.00
# Visual Studio Version 16
VisualStudioVersion = 16.0.29324.140
MinimumVisualStudioVersion = 10.0.40219.1
Project("{9A19103F-16F7-4668-BE54-9A1E7A4F7556}") = "BlazorWebApplication1", "BlazorWebApplication1.csproj", "{125E6B9C-5AC4-4B76-B70D-27084D43816A}"
EndProject
Global
	GlobalSection(SolutionConfigurationPlatforms) = preSolution
		Debug|Any CPU = Debug|Any CPU
		Release|Any CPU = Release|Any CPU
	EndGlobalSection
	GlobalSection(ProjectConfigurationPlatforms) = postSolution
		{125E6B9C-5AC4-4B76-B70D-27084D43816A}.Debug|Any CPU.ActiveCfg = Debug|Any CPU
		{125E6B9C-5AC4-4B76-B70D-27084D43816A}.Debug|Any CPU.Build.0 = Debug|Any CPU
		{125E6B9C-5AC4-4B76-B70D-27084D43816A}.Release|Any CPU.ActiveCfg = Release|Any CPU
		{125E6B9C-5AC4-4B76-B70D-27084D43816A}.Release|Any CPU.Build.0 = Release|Any CPU
	EndGlobalSection
	GlobalSection(SolutionProperties) = preSolution
		HideSolutionNode = FALSE
	EndGlobalSection
	GlobalSection(ExtensibilityGlobals) = postSolution
		SolutionGuid = {F5E67028-D865-40B0-A98E-9D03E11E5F31}
	EndGlobalSection
EndGlobal
